
Microsoft Visual Studio Solution File, Format Version 12.00
# Visual Studio Version 17
VisualStudioVersion = 17.1.32407.343
MinimumVisualStudioVersion = 10.0.40219.1
Project("{FAE04EC0-301F-11D3-BF4B-00C04F79EFBC}") = "lesson7", "lesson7\lesson7.csproj", "{2C18FEA9-2BA2-4181-9B67-922265F36672}"
EndProject
Global
	GlobalSection(SolutionConfigurationPlatforms) = preSolution
		Debug|Any CPU = Debug|Any CPU
		Release|Any CPU = Release|Any CPU
	EndGlobalSection
	GlobalSection(ProjectConfigurationPlatforms) = postSolution
		{2C18FEA9-2BA2-4181-9B67-922265F36672}.Debug|Any CPU.ActiveCfg = Debug|Any CPU
		{2C18FEA9-2BA2-4181-9B67-922265F36672}.Debug|Any CPU.Build.0 = Debug|Any CPU
		{2C18FEA9-2BA2-4181-9B67-922265F36672}.Release|Any CPU.ActiveCfg = Release|Any CPU
		{2C18FEA9-2BA2-4181-9B67-922265F36672}.Release|Any CPU.Build.0 = Release|Any CPU
	EndGlobalSection
	GlobalSection(SolutionProperties) = preSolution
		HideSolutionNode = FALSE
	EndGlobalSection
	GlobalSection(ExtensibilityGlobals) = postSolution
		SolutionGuid = {078EDEF5-AB31-4977-8015-E9A06E627804}
	EndGlobalSection
EndGlobal
